
Microsoft Visual Studio Solution File, Format Version 12.00
# Visual Studio Version 16
VisualStudioVersion = 16.0.29728.190
MinimumVisualStudioVersion = 10.0.40219.1
Project("{2150E333-8FDC-42A3-9474-1A3956D46DE8}") = "src", "src", "{9088EAF1-F8C8-4D16-B460-EA98C206221D}"
EndProject
Project("{2150E333-8FDC-42A3-9474-1A3956D46DE8}") = "Presentation", "Presentation", "{2E93726E-21C0-4790-BB15-D3ECE60DC8E2}"
EndProject
Project("{FAE04EC0-301F-11D3-BF4B-00C04F79EFBC}") = "WebUI", "src\WebUI\WebUI.csproj", "{B0195E6B-CA37-43AA-B73D-9C225AE3B7D5}"
EndProject
Project("{2150E333-8FDC-42A3-9474-1A3956D46DE8}") = "Core", "Core", "{91978E5E-D627-46C9-978C-352659942493}"
EndProject
Project("{FAE04EC0-301F-11D3-BF4B-00C04F79EFBC}") = "Application", "src\Application\Application.csproj", "{702E35D8-0E90-44DC-9D1B-8AE8F1A54931}"
EndProject
Project("{FAE04EC0-301F-11D3-BF4B-00C04F79EFBC}") = "Common", "src\Common\Common.csproj", "{636A7D55-0788-402D-9003-4318C1EE781D}"
EndProject
Project("{FAE04EC0-301F-11D3-BF4B-00C04F79EFBC}") = "Domain", "src\Domain\Domain.csproj", "{DCF888CF-DF98-4CA9-8DD9-B3DDA7256391}"
EndProject
Project("{FAE04EC0-301F-11D3-BF4B-00C04F79EFBC}") = "Infrastructure", "src\Infrastructure\Infrastructure.csproj", "{4920F9A0-FC9B-4DF1-A099-20B3DB65233B}"
EndProject
Project("{2150E333-8FDC-42A3-9474-1A3956D46DE8}") = "Infrastructure", "Infrastructure", "{614010D1-FEEC-4A50-9219-B0F958A45973}"
EndProject
Project("{FAE04EC0-301F-11D3-BF4B-00C04F79EFBC}") = "Persistence", "src\Persistence\Persistence.csproj", "{95E80B63-570F-4B6C-9B2C-F903E5428A4E}"
EndProject
Global
	GlobalSection(SolutionConfigurationPlatforms) = preSolution
		Debug|Any CPU = Debug|Any CPU
		Release|Any CPU = Release|Any CPU
	EndGlobalSection
	GlobalSection(ProjectConfigurationPlatforms) = postSolution
		{B0195E6B-CA37-43AA-B73D-9C225AE3B7D5}.Debug|Any CPU.ActiveCfg = Debug|Any CPU
		{B0195E6B-CA37-43AA-B73D-9C225AE3B7D5}.Debug|Any CPU.Build.0 = Debug|Any CPU
		{B0195E6B-CA37-43AA-B73D-9C225AE3B7D5}.Release|Any CPU.ActiveCfg = Release|Any CPU
		{B0195E6B-CA37-43AA-B73D-9C225AE3B7D5}.Release|Any CPU.Build.0 = Release|Any CPU
		{702E35D8-0E90-44DC-9D1B-8AE8F1A54931}.Debug|Any CPU.ActiveCfg = Debug|Any CPU
		{702E35D8-0E90-44DC-9D1B-8AE8F1A54931}.Debug|Any CPU.Build.0 = Debug|Any CPU
		{702E35D8-0E90-44DC-9D1B-8AE8F1A54931}.Release|Any CPU.ActiveCfg = Release|Any CPU
		{702E35D8-0E90-44DC-9D1B-8AE8F1A54931}.Release|Any CPU.Build.0 = Release|Any CPU
		{636A7D55-0788-402D-9003-4318C1EE781D}.Debug|Any CPU.ActiveCfg = Debug|Any CPU
		{636A7D55-0788-402D-9003-4318C1EE781D}.Debug|Any CPU.Build.0 = Debug|Any CPU
		{636A7D55-0788-402D-9003-4318C1EE781D}.Release|Any CPU.ActiveCfg = Release|Any CPU
		{636A7D55-0788-402D-9003-4318C1EE781D}.Release|Any CPU.Build.0 = Release|Any CPU
		{DCF888CF-DF98-4CA9-8DD9-B3DDA7256391}.Debug|Any CPU.ActiveCfg = Debug|Any CPU
		{DCF888CF-DF98-4CA9-8DD9-B3DDA7256391}.Debug|Any CPU.Build.0 = Debug|Any CPU
		{DCF888CF-DF98-4CA9-8DD9-B3DDA7256391}.Release|Any CPU.ActiveCfg = Release|Any CPU
		{DCF888CF-DF98-4CA9-8DD9-B3DDA7256391}.Release|Any CPU.Build.0 = Release|Any CPU
		{4920F9A0-FC9B-4DF1-A099-20B3DB65233B}.Debug|Any CPU.ActiveCfg = Debug|Any CPU
		{4920F9A0-FC9B-4DF1-A099-20B3DB65233B}.Debug|Any CPU.Build.0 = Debug|Any CPU
		{4920F9A0-FC9B-4DF1-A099-20B3DB65233B}.Release|Any CPU.ActiveCfg = Release|Any CPU
		{4920F9A0-FC9B-4DF1-A099-20B3DB65233B}.Release|Any CPU.Build.0 = Release|Any CPU
		{95E80B63-570F-4B6C-9B2C-F903E5428A4E}.Debug|Any CPU.ActiveCfg = Debug|Any CPU
		{95E80B63-570F-4B6C-9B2C-F903E5428A4E}.Debug|Any CPU.Build.0 = Debug|Any CPU
		{95E80B63-570F-4B6C-9B2C-F903E5428A4E}.Release|Any CPU.ActiveCfg = Release|Any CPU
		{95E80B63-570F-4B6C-9B2C-F903E5428A4E}.Release|Any CPU.Build.0 = Release|Any CPU
	EndGlobalSection
	GlobalSection(SolutionProperties) = preSolution
		HideSolutionNode = FALSE
	EndGlobalSection
	GlobalSection(NestedProjects) = preSolution
		{2E93726E-21C0-4790-BB15-D3ECE60DC8E2} = {9088EAF1-F8C8-4D16-B460-EA98C206221D}
		{B0195E6B-CA37-43AA-B73D-9C225AE3B7D5} = {2E93726E-21C0-4790-BB15-D3ECE60DC8E2}
		{91978E5E-D627-46C9-978C-352659942493} = {9088EAF1-F8C8-4D16-B460-EA98C206221D}
		{702E35D8-0E90-44DC-9D1B-8AE8F1A54931} = {91978E5E-D627-46C9-978C-352659942493}
		{636A7D55-0788-402D-9003-4318C1EE781D} = {91978E5E-D627-46C9-978C-352659942493}
		{DCF888CF-DF98-4CA9-8DD9-B3DDA7256391} = {91978E5E-D627-46C9-978C-352659942493}
		{4920F9A0-FC9B-4DF1-A099-20B3DB65233B} = {614010D1-FEEC-4A50-9219-B0F958A45973}
		{614010D1-FEEC-4A50-9219-B0F958A45973} = {9088EAF1-F8C8-4D16-B460-EA98C206221D}
		{95E80B63-570F-4B6C-9B2C-F903E5428A4E} = {614010D1-FEEC-4A50-9219-B0F958A45973}
	EndGlobalSection
	GlobalSection(ExtensibilityGlobals) = postSolution
		SolutionGuid = {623E3CE8-1504-404A-8534-11027A281133}
	EndGlobalSection
EndGlobal
